{
  "requires": true,
  "lockfileVersion": 1,
  "dependencies": {
    "fg-loadcss": {
      "version": "2.1.0",
      "resolved": "https://registry.npmjs.org/fg-loadcss/-/fg-loadcss-2.1.0.tgz",
      "integrity": "sha512-HpvR2uRoKvrYAEwimw+k4Fr2NVHYPfld5Lc/f9uy3mKeUTXhS5urL24XA2rqyq5b2i410EXCLir4Uhsb8J1QaQ=="
    }
  }
}
